
Microsoft Visual Studio Solution File, Format Version 12.00
# Visual Studio Version 16
VisualStudioVersion = 16.0.29613.14
MinimumVisualStudioVersion = 10.0.40219.1
Project("{FAE04EC0-301F-11D3-BF4B-00C04F79EFBC}") = "BankApp", "BankApp\BankApp.csproj", "{8BB4BF75-B11B-41E1-A05F-12D4B26F39F9}"
EndProject
Global
	GlobalSection(SolutionConfigurationPlatforms) = preSolution
		Debug|Any CPU = Debug|Any CPU
		Release|Any CPU = Release|Any CPU
	EndGlobalSection
	GlobalSection(ProjectConfigurationPlatforms) = postSolution
		{8BB4BF75-B11B-41E1-A05F-12D4B26F39F9}.Debug|Any CPU.ActiveCfg = Debug|Any CPU
		{8BB4BF75-B11B-41E1-A05F-12D4B26F39F9}.Debug|Any CPU.Build.0 = Debug|Any CPU
		{8BB4BF75-B11B-41E1-A05F-12D4B26F39F9}.Release|Any CPU.ActiveCfg = Release|Any CPU
		{8BB4BF75-B11B-41E1-A05F-12D4B26F39F9}.Release|Any CPU.Build.0 = Release|Any CPU
	EndGlobalSection
	GlobalSection(SolutionProperties) = preSolution
		HideSolutionNode = FALSE
	EndGlobalSection
	GlobalSection(ExtensibilityGlobals) = postSolution
		SolutionGuid = {6CEF398D-2B31-4885-AF89-E48B142249A2}
	EndGlobalSection
EndGlobal
